// !$*UTF8*$!
{
	archiveVersion = 1;
	classes = {
	};
	objectVersion = 51;
	objects = {

/* Begin PBXBuildFile section */
		51A560877C95A661C420192B /* Pods_EHealthInnovationTests.framework in Frameworks */ = {isa = PBXBuildFile; fileRef = 52F1B59E3CA666019BD76079 /* Pods_EHealthInnovationTests.framework */; };
		6A4A8370270B8A8800BAB388 /* AppDelegate.swift in Sources */ = {isa = PBXBuildFile; fileRef = 6A4A836F270B8A8800BAB388 /* AppDelegate.swift */; };
		6A4A8372270B8A8800BAB388 /* SceneDelegate.swift in Sources */ = {isa = PBXBuildFile; fileRef = 6A4A8371270B8A8800BAB388 /* SceneDelegate.swift */; };
		6A4A8374270B8A8800BAB388 /* HomeViewController.swift in Sources */ = {isa = PBXBuildFile; fileRef = 6A4A8373270B8A8800BAB388 /* HomeViewController.swift */; };
		6A4A8377270B8A8800BAB388 /* Main.storyboard in Resources */ = {isa = PBXBuildFile; fileRef = 6A4A8375270B8A8800BAB388 /* Main.storyboard */; };
		6A4A8379270B8A8900BAB388 /* Assets.xcassets in Resources */ = {isa = PBXBuildFile; fileRef = 6A4A8378270B8A8900BAB388 /* Assets.xcassets */; };
		6A4A837C270B8A8900BAB388 /* LaunchScreen.storyboard in Resources */ = {isa = PBXBuildFile; fileRef = 6A4A837A270B8A8900BAB388 /* LaunchScreen.storyboard */; };
		6A4A8387270B8A8A00BAB388 /* EHealthInnovationTests.swift in Sources */ = {isa = PBXBuildFile; fileRef = 6A4A8386270B8A8A00BAB388 /* EHealthInnovationTests.swift */; };
		6A4A8392270B8A8A00BAB388 /* EHealthInnovationUITests.swift in Sources */ = {isa = PBXBuildFile; fileRef = 6A4A8391270B8A8A00BAB388 /* EHealthInnovationUITests.swift */; };
		6A4A83B9270B8F7800BAB388 /* Constants.swift in Sources */ = {isa = PBXBuildFile; fileRef = 6A4A83B8270B8F7800BAB388 /* Constants.swift */; };
		6A4A83CC270B8FD500BAB388 /* AppApi.swift in Sources */ = {isa = PBXBuildFile; fileRef = 6A4A83CB270B8FD500BAB388 /* AppApi.swift */; };
		6AC507E8270BBDD60028744B /* PatientTableViewCell.swift in Sources */ = {isa = PBXBuildFile; fileRef = 6AC507E7270BBDD60028744B /* PatientTableViewCell.swift */; };
		6ADC7945270BEB090005F2D3 /* ViewControllerExtension.swift in Sources */ = {isa = PBXBuildFile; fileRef = 6ADC7944270BEB090005F2D3 /* ViewControllerExtension.swift */; };
		AC0BE814E2B6B15B08BAC3E8 /* Pods_EHealthInnovation.framework in Frameworks */ = {isa = PBXBuildFile; fileRef = 7FCF60F3A49BBC4B23AABD10 /* Pods_EHealthInnovation.framework */; };
/* End PBXBuildFile section */

/* Begin PBXContainerItemProxy section */
		6A4A8383270B8A8A00BAB388 /* PBXContainerItemProxy */ = {
			isa = PBXContainerItemProxy;
			containerPortal = 6A4A8364270B8A8800BAB388 /* Project object */;
			proxyType = 1;
			remoteGlobalIDString = 6A4A836B270B8A8800BAB388;
			remoteInfo = EHealthInnovation;
		};
		6A4A838E270B8A8A00BAB388 /* PBXContainerItemProxy */ = {
			isa = PBXContainerItemProxy;
			containerPortal = 6A4A8364270B8A8800BAB388 /* Project object */;
			proxyType = 1;
			remoteGlobalIDString = 6A4A836B270B8A8800BAB388;
			remoteInfo = EHealthInnovation;
		};
/* End PBXContainerItemProxy section */

/* Begin PBXFileReference section */
		0D18A19B327CDC99B1E65C0A /* Pods-EHealthInnovationTests.debug.xcconfig */ = {isa = PBXFileReference; includeInIndex = 1; lastKnownFileType = text.xcconfig; name = "Pods-EHealthInnovationTests.debug.xcconfig"; path = "Target Support Files/Pods-EHealthInnovationTests/Pods-EHealthInnovationTests.debug.xcconfig"; sourceTree = "<group>"; };
		28155ECF3DF5E9B3C8DD85BA /* Pods-EHealthInnovation.debug.xcconfig */ = {isa = PBXFileReference; includeInIndex = 1; lastKnownFileType = text.xcconfig; name = "Pods-EHealthInnovation.debug.xcconfig"; path = "Target Support Files/Pods-EHealthInnovation/Pods-EHealthInnovation.debug.xcconfig"; sourceTree = "<group>"; };
		52F1B59E3CA666019BD76079 /* Pods_EHealthInnovationTests.framework */ = {isa = PBXFileReference; explicitFileType = wrapper.framework; includeInIndex = 0; path = Pods_EHealthInnovationTests.framework; sourceTree = BUILT_PRODUCTS_DIR; };
		65C063C73B3FF1E85D5B1F2B /* Pods-EHealthInnovation.release.xcconfig */ = {isa = PBXFileReference; includeInIndex = 1; lastKnownFileType = text.xcconfig; name = "Pods-EHealthInnovation.release.xcconfig"; path = "Target Support Files/Pods-EHealthInnovation/Pods-EHealthInnovation.release.xcconfig"; sourceTree = "<group>"; };
		6A4A836C270B8A8800BAB388 /* EHealthInnovation.app */ = {isa = PBXFileReference; explicitFileType = wrapper.application; includeInIndex = 0; path = EHealthInnovation.app; sourceTree = BUILT_PRODUCTS_DIR; };
		6A4A836F270B8A8800BAB388 /* AppDelegate.swift */ = {isa = PBXFileReference; lastKnownFileType = sourcecode.swift; path = AppDelegate.swift; sourceTree = "<group>"; };
		6A4A8371270B8A8800BAB388 /* SceneDelegate.swift */ = {isa = PBXFileReference; lastKnownFileType = sourcecode.swift; path = SceneDelegate.swift; sourceTree = "<group>"; };
		6A4A8373270B8A8800BAB388 /* HomeViewController.swift */ = {isa = PBXFileReference; lastKnownFileType = sourcecode.swift; path = HomeViewController.swift; sourceTree = "<group>"; };
		6A4A8376270B8A8800BAB388 /* Base */ = {isa = PBXFileReference; lastKnownFileType = file.storyboard; name = Base; path = Base.lproj/Main.storyboard; sourceTree = "<group>"; };
		6A4A8378270B8A8900BAB388 /* Assets.xcassets */ = {isa = PBXFileReference; lastKnownFileType = folder.assetcatalog; path = Assets.xcassets; sourceTree = "<group>"; };
		6A4A837B270B8A8900BAB388 /* Base */ = {isa = PBXFileReference; lastKnownFileType = file.storyboard; name = Base; path = Base.lproj/LaunchScreen.storyboard; sourceTree = "<group>"; };
		6A4A837D270B8A8900BAB388 /* Info.plist */ = {isa = PBXFileReference; lastKnownFileType = text.plist.xml; path = Info.plist; sourceTree = "<group>"; };
		6A4A8382270B8A8A00BAB388 /* EHealthInnovationTests.xctest */ = {isa = PBXFileReference; explicitFileType = wrapper.cfbundle; includeInIndex = 0; path = EHealthInnovationTests.xctest; sourceTree = BUILT_PRODUCTS_DIR; };
		6A4A8386270B8A8A00BAB388 /* EHealthInnovationTests.swift */ = {isa = PBXFileReference; lastKnownFileType = sourcecode.swift; path = EHealthInnovationTests.swift; sourceTree = "<group>"; };
		6A4A8388270B8A8A00BAB388 /* Info.plist */ = {isa = PBXFileReference; lastKnownFileType = text.plist.xml; path = Info.plist; sourceTree = "<group>"; };
		6A4A838D270B8A8A00BAB388 /* EHealthInnovationUITests.xctest */ = {isa = PBXFileReference; explicitFileType = wrapper.cfbundle; includeInIndex = 0; path = EHealthInnovationUITests.xctest; sourceTree = BUILT_PRODUCTS_DIR; };
		6A4A8391270B8A8A00BAB388 /* EHealthInnovationUITests.swift */ = {isa = PBXFileReference; lastKnownFileType = sourcecode.swift; path = EHealthInnovationUITests.swift; sourceTree = "<group>"; };
		6A4A8393270B8A8A00BAB388 /* Info.plist */ = {isa = PBXFileReference; lastKnownFileType = text.plist.xml; path = Info.plist; sourceTree = "<group>"; };
		6A4A83B8270B8F7800BAB388 /* Constants.swift */ = {isa = PBXFileReference; lastKnownFileType = sourcecode.swift; path = Constants.swift; sourceTree = "<group>"; };
		6A4A83CB270B8FD500BAB388 /* AppApi.swift */ = {isa = PBXFileReference; lastKnownFileType = sourcecode.swift; path = AppApi.swift; sourceTree = "<group>"; };
		6AC507E7270BBDD60028744B /* PatientTableViewCell.swift */ = {isa = PBXFileReference; lastKnownFileType = sourcecode.swift; path = PatientTableViewCell.swift; sourceTree = "<group>"; };
		6ADC7944270BEB090005F2D3 /* ViewControllerExtension.swift */ = {isa = PBXFileReference; lastKnownFileType = sourcecode.swift; path = ViewControllerExtension.swift; sourceTree = "<group>"; };
		7FCF60F3A49BBC4B23AABD10 /* Pods_EHealthInnovation.framework */ = {isa = PBXFileReference; explicitFileType = wrapper.framework; includeInIndex = 0; path = Pods_EHealthInnovation.framework; sourceTree = BUILT_PRODUCTS_DIR; };
		D480B4AC232BC3F41BBB681B /* Pods-EHealthInnovationTests.release.xcconfig */ = {isa = PBXFileReference; includeInIndex = 1; lastKnownFileType = text.xcconfig; name = "Pods-EHealthInnovationTests.release.xcconfig"; path = "Target Support Files/Pods-EHealthInnovationTests/Pods-EHealthInnovationTests.release.xcconfig"; sourceTree = "<group>"; };
/* End PBXFileReference section */

/* Begin PBXFrameworksBuildPhase section */
		6A4A8369270B8A8800BAB388 /* Frameworks */ = {
			isa = PBXFrameworksBuildPhase;
			buildActionMask = 2147483647;
			files = (
				AC0BE814E2B6B15B08BAC3E8 /* Pods_EHealthInnovation.framework in Frameworks */,
			);
			runOnlyForDeploymentPostprocessing = 0;
		};
		6A4A837F270B8A8A00BAB388 /* Frameworks */ = {
			isa = PBXFrameworksBuildPhase;
			buildActionMask = 2147483647;
			files = (
				51A560877C95A661C420192B /* Pods_EHealthInnovationTests.framework in Frameworks */,
			);
			runOnlyForDeploymentPostprocessing = 0;
		};
		6A4A838A270B8A8A00BAB388 /* Frameworks */ = {
			isa = PBXFrameworksBuildPhase;
			buildActionMask = 2147483647;
			files = (
			);
			runOnlyForDeploymentPostprocessing = 0;
		};
/* End PBXFrameworksBuildPhase section */

/* Begin PBXGroup section */
		63FCD7E0DAC68E273C6548FB /* Frameworks */ = {
			isa = PBXGroup;
			children = (
				7FCF60F3A49BBC4B23AABD10 /* Pods_EHealthInnovation.framework */,
				52F1B59E3CA666019BD76079 /* Pods_EHealthInnovationTests.framework */,
			);
			name = Frameworks;
			sourceTree = "<group>";
		};
		6A4A8363270B8A8800BAB388 = {
			isa = PBXGroup;
			children = (
				6A4A836E270B8A8800BAB388 /* EHealthInnovation */,
				6A4A8385270B8A8A00BAB388 /* EHealthInnovationTests */,
				6A4A8390270B8A8A00BAB388 /* EHealthInnovationUITests */,
				6A4A836D270B8A8800BAB388 /* Products */,
				B266E34A3F1BF2283FACF03F /* Pods */,
				63FCD7E0DAC68E273C6548FB /* Frameworks */,
			);
			sourceTree = "<group>";
		};
		6A4A836D270B8A8800BAB388 /* Products */ = {
			isa = PBXGroup;
			children = (
				6A4A836C270B8A8800BAB388 /* EHealthInnovation.app */,
				6A4A8382270B8A8A00BAB388 /* EHealthInnovationTests.xctest */,
				6A4A838D270B8A8A00BAB388 /* EHealthInnovationUITests.xctest */,
			);
			name = Products;
			sourceTree = "<group>";
		};
		6A4A836E270B8A8800BAB388 /* EHealthInnovation */ = {
			isa = PBXGroup;
			children = (
				6ADC7943270BEAFB0005F2D3 /* Extensions */,
				6AC507E3270BBDC20028744B /* Views */,
				6AC507E1270BBDAC0028744B /* ViewControllers */,
				6A4A83C0270B8F9E00BAB388 /* Lib */,
				6A4A83B7270B8F6E00BAB388 /* Constants */,
				6A4A836F270B8A8800BAB388 /* AppDelegate.swift */,
				6A4A8371270B8A8800BAB388 /* SceneDelegate.swift */,
				6A4A8375270B8A8800BAB388 /* Main.storyboard */,
				6A4A8378270B8A8900BAB388 /* Assets.xcassets */,
				6A4A837A270B8A8900BAB388 /* LaunchScreen.storyboard */,
				6A4A837D270B8A8900BAB388 /* Info.plist */,
			);
			path = EHealthInnovation;
			sourceTree = "<group>";
		};
		6A4A8385270B8A8A00BAB388 /* EHealthInnovationTests */ = {
			isa = PBXGroup;
			children = (
				6A4A8386270B8A8A00BAB388 /* EHealthInnovationTests.swift */,
				6A4A8388270B8A8A00BAB388 /* Info.plist */,
			);
			path = EHealthInnovationTests;
			sourceTree = "<group>";
		};
		6A4A8390270B8A8A00BAB388 /* EHealthInnovationUITests */ = {
			isa = PBXGroup;
			children = (
				6A4A8391270B8A8A00BAB388 /* EHealthInnovationUITests.swift */,
				6A4A8393270B8A8A00BAB388 /* Info.plist */,
			);
			path = EHealthInnovationUITests;
			sourceTree = "<group>";
		};
		6A4A83B7270B8F6E00BAB388 /* Constants */ = {
			isa = PBXGroup;
			children = (
				6A4A83B8270B8F7800BAB388 /* Constants.swift */,
			);
			path = Constants;
			sourceTree = "<group>";
		};
		6A4A83C0270B8F9E00BAB388 /* Lib */ = {
			isa = PBXGroup;
			children = (
				6A4A83CB270B8FD500BAB388 /* AppApi.swift */,
			);
			path = Lib;
			sourceTree = "<group>";
		};
		6AC507E1270BBDAC0028744B /* ViewControllers */ = {
			isa = PBXGroup;
			children = (
				6A4A8373270B8A8800BAB388 /* HomeViewController.swift */,
			);
			path = ViewControllers;
			sourceTree = "<group>";
		};
		6AC507E3270BBDC20028744B /* Views */ = {
			isa = PBXGroup;
			children = (
				6AC507E7270BBDD60028744B /* PatientTableViewCell.swift */,
			);
			path = Views;
			sourceTree = "<group>";
		};
		6ADC7943270BEAFB0005F2D3 /* Extensions */ = {
			isa = PBXGroup;
			children = (
				6ADC7944270BEB090005F2D3 /* ViewControllerExtension.swift */,
			);
			path = Extensions;
			sourceTree = "<group>";
		};
		B266E34A3F1BF2283FACF03F /* Pods */ = {
			isa = PBXGroup;
			children = (
				28155ECF3DF5E9B3C8DD85BA /* Pods-EHealthInnovation.debug.xcconfig */,
				65C063C73B3FF1E85D5B1F2B /* Pods-EHealthInnovation.release.xcconfig */,
				0D18A19B327CDC99B1E65C0A /* Pods-EHealthInnovationTests.debug.xcconfig */,
				D480B4AC232BC3F41BBB681B /* Pods-EHealthInnovationTests.release.xcconfig */,
			);
			path = Pods;
			sourceTree = "<group>";
		};
/* End PBXGroup section */

/* Begin PBXNativeTarget section */
		6A4A836B270B8A8800BAB388 /* EHealthInnovation */ = {
			isa = PBXNativeTarget;
			buildConfigurationList = 6A4A8396270B8A8A00BAB388 /* Build configuration list for PBXNativeTarget "EHealthInnovation" */;
			buildPhases = (
				DBBCB2BF708606E3F454434F /* [CP] Check Pods Manifest.lock */,
				6A4A8368270B8A8800BAB388 /* Sources */,
				6A4A8369270B8A8800BAB388 /* Frameworks */,
				6A4A836A270B8A8800BAB388 /* Resources */,
				2DB45BF0EA837AD72FE5625A /* [CP] Embed Pods Frameworks */,
			);
			buildRules = (
			);
			dependencies = (
			);
			name = EHealthInnovation;
			productName = EHealthInnovation;
			productReference = 6A4A836C270B8A8800BAB388 /* EHealthInnovation.app */;
			productType = "com.apple.product-type.application";
		};
		6A4A8381270B8A8A00BAB388 /* EHealthInnovationTests */ = {
			isa = PBXNativeTarget;
			buildConfigurationList = 6A4A8399270B8A8A00BAB388 /* Build configuration list for PBXNativeTarget "EHealthInnovationTests" */;
			buildPhases = (
				4CE66C654A3F7588171AF5C9 /* [CP] Check Pods Manifest.lock */,
				6A4A837E270B8A8A00BAB388 /* Sources */,
				6A4A837F270B8A8A00BAB388 /* Frameworks */,
				6A4A8380270B8A8A00BAB388 /* Resources */,
				CD761740503CD7D1A00734CB /* [CP] Embed Pods Frameworks */,
			);
			buildRules = (
			);
			dependencies = (
				6A4A8384270B8A8A00BAB388 /* PBXTargetDependency */,
			);
			name = EHealthInnovationTests;
			productName = EHealthInnovationTests;
			productReference = 6A4A8382270B8A8A00BAB388 /* EHealthInnovationTests.xctest */;
			productType = "com.apple.product-type.bundle.unit-test";
		};
		6A4A838C270B8A8A00BAB388 /* EHealthInnovationUITests */ = {
			isa = PBXNativeTarget;
			buildConfigurationList = 6A4A839C270B8A8A00BAB388 /* Build configuration list for PBXNativeTarget "EHealthInnovationUITests" */;
			buildPhases = (
				6A4A8389270B8A8A00BAB388 /* Sources */,
				6A4A838A270B8A8A00BAB388 /* Frameworks */,
				6A4A838B270B8A8A00BAB388 /* Resources */,
			);
			buildRules = (
			);
			dependencies = (
				6A4A838F270B8A8A00BAB388 /* PBXTargetDependency */,
			);
			name = EHealthInnovationUITests;
			productName = EHealthInnovationUITests;
			productReference = 6A4A838D270B8A8A00BAB388 /* EHealthInnovationUITests.xctest */;
			productType = "com.apple.product-type.bundle.ui-testing";
		};
/* End PBXNativeTarget section */

/* Begin PBXProject section */
		6A4A8364270B8A8800BAB388 /* Project object */ = {
			isa = PBXProject;
			attributes = {
				LastSwiftUpdateCheck = 1240;
				LastUpgradeCheck = 1240;
				TargetAttributes = {
					6A4A836B270B8A8800BAB388 = {
						CreatedOnToolsVersion = 12.4;
					};
					6A4A8381270B8A8A00BAB388 = {
						CreatedOnToolsVersion = 12.4;
						TestTargetID = 6A4A836B270B8A8800BAB388;
					};
					6A4A838C270B8A8A00BAB388 = {
						CreatedOnToolsVersion = 12.4;
						TestTargetID = 6A4A836B270B8A8800BAB388;
					};
				};
			};
			buildConfigurationList = 6A4A8367270B8A8800BAB388 /* Build configuration list for PBXProject "EHealthInnovation" */;
			compatibilityVersion = "Xcode 9.3";
			developmentRegion = en;
			hasScannedForEncodings = 0;
			knownRegions = (
				en,
				Base,
			);
			mainGroup = 6A4A8363270B8A8800BAB388;
			productRefGroup = 6A4A836D270B8A8800BAB388 /* Products */;
			projectDirPath = "";
			projectRoot = "";
			targets = (
				6A4A836B270B8A8800BAB388 /* EHealthInnovation */,
				6A4A8381270B8A8A00BAB388 /* EHealthInnovationTests */,
				6A4A838C270B8A8A00BAB388 /* EHealthInnovationUITests */,
			);
		};
/* End PBXProject section */

/* Begin PBXResourcesBuildPhase section */
		6A4A836A270B8A8800BAB388 /* Resources */ = {
			isa = PBXResourcesBuildPhase;
			buildActionMask = 2147483647;
			files = (
				6A4A837C270B8A8900BAB388 /* LaunchScreen.storyboard in Resources */,
				6A4A8379270B8A8900BAB388 /* Assets.xcassets in Resources */,
				6A4A8377270B8A8800BAB388 /* Main.storyboard in Resources */,
			);
			runOnlyForDeploymentPostprocessing = 0;
		};
		6A4A8380270B8A8A00BAB388 /* Resources */ = {
			isa = PBXResourcesBuildPhase;
			buildActionMask = 2147483647;
			files = (
			);
			runOnlyForDeploymentPostprocessing = 0;
		};
		6A4A838B270B8A8A00BAB388 /* Resources */ = {
			isa = PBXResourcesBuildPhase;
			buildActionMask = 2147483647;
			files = (
			);
			runOnlyForDeploymentPostprocessing = 0;
		};
/* End PBXResourcesBuildPhase section */

/* Begin PBXShellScriptBuildPhase section */
		2DB45BF0EA837AD72FE5625A /* [CP] Embed Pods Frameworks */ = {
			isa = PBXShellScriptBuildPhase;
			buildActionMask = 2147483647;
			files = (
			);
			inputFileListPaths = (
				"${PODS_ROOT}/Target Support Files/Pods-EHealthInnovation/Pods-EHealthInnovation-frameworks-${CONFIGURATION}-input-files.xcfilelist",
			);
			name = "[CP] Embed Pods Frameworks";
			outputFileListPaths = (
				"${PODS_ROOT}/Target Support Files/Pods-EHealthInnovation/Pods-EHealthInnovation-frameworks-${CONFIGURATION}-output-files.xcfilelist",
			);
			runOnlyForDeploymentPostprocessing = 0;
			shellPath = /bin/sh;
			shellScript = "\"${PODS_ROOT}/Target Support Files/Pods-EHealthInnovation/Pods-EHealthInnovation-frameworks.sh\"\n";
			showEnvVarsInLog = 0;
		};
		4CE66C654A3F7588171AF5C9 /* [CP] Check Pods Manifest.lock */ = {
			isa = PBXShellScriptBuildPhase;
			buildActionMask = 2147483647;
			files = (
			);
			inputFileListPaths = (
			);
			inputPaths = (
				"${PODS_PODFILE_DIR_PATH}/Podfile.lock",
				"${PODS_ROOT}/Manifest.lock",
			);
			name = "[CP] Check Pods Manifest.lock";
			outputFileListPaths = (
			);
			outputPaths = (
				"$(DERIVED_FILE_DIR)/Pods-EHealthInnovationTests-checkManifestLockResult.txt",
			);
			runOnlyForDeploymentPostprocessing = 0;
			shellPath = /bin/sh;
			shellScript = "diff \"${PODS_PODFILE_DIR_PATH}/Podfile.lock\" \"${PODS_ROOT}/Manifest.lock\" > /dev/null\nif [ $? != 0 ] ; then\n    # print error to STDERR\n    echo \"error: The sandbox is not in sync with the Podfile.lock. Run 'pod install' or update your CocoaPods installation.\" >&2\n    exit 1\nfi\n# This output is used by Xcode 'outputs' to avoid re-running this script phase.\necho \"SUCCESS\" > \"${SCRIPT_OUTPUT_FILE_0}\"\n";
			showEnvVarsInLog = 0;
		};
		CD761740503CD7D1A00734CB /* [CP] Embed Pods Frameworks */ = {
			isa = PBXShellScriptBuildPhase;
			buildActionMask = 2147483647;
			files = (
			);
			inputFileListPaths = (
				"${PODS_ROOT}/Target Support Files/Pods-EHealthInnovationTests/Pods-EHealthInnovationTests-frameworks-${CONFIGURATION}-input-files.xcfilelist",
			);
			name = "[CP] Embed Pods Frameworks";
			outputFileListPaths = (
				"${PODS_ROOT}/Target Support Files/Pods-EHealthInnovationTests/Pods-EHealthInnovationTests-frameworks-${CONFIGURATION}-output-files.xcfilelist",
			);
			runOnlyForDeploymentPostprocessing = 0;
			shellPath = /bin/sh;
			shellScript = "\"${PODS_ROOT}/Target Support Files/Pods-EHealthInnovationTests/Pods-EHealthInnovationTests-frameworks.sh\"\n";
			showEnvVarsInLog = 0;
		};
		DBBCB2BF708606E3F454434F /* [CP] Check Pods Manifest.lock */ = {
			isa = PBXShellScriptBuildPhase;
			buildActionMask = 2147483647;
			files = (
			);
			inputFileListPaths = (
			);
			inputPaths = (
				"${PODS_PODFILE_DIR_PATH}/Podfile.lock",
				"${PODS_ROOT}/Manifest.lock",
			);
			name = "[CP] Check Pods Manifest.lock";
			outputFileListPaths = (
			);
			outputPaths = (
				"$(DERIVED_FILE_DIR)/Pods-EHealthInnovation-checkManifestLockResult.txt",
			);
			runOnlyForDeploymentPostprocessing = 0;
			shellPath = /bin/sh;
			shellScript = "diff \"${PODS_PODFILE_DIR_PATH}/Podfile.lock\" \"${PODS_ROOT}/Manifest.lock\" > /dev/null\nif [ $? != 0 ] ; then\n    # print error to STDERR\n    echo \"error: The sandbox is not in sync with the Podfile.lock. Run 'pod install' or update your CocoaPods installation.\" >&2\n    exit 1\nfi\n# This output is used by Xcode 'outputs' to avoid re-running this script phase.\necho \"SUCCESS\" > \"${SCRIPT_OUTPUT_FILE_0}\"\n";
			showEnvVarsInLog = 0;
		};
/* End PBXShellScriptBuildPhase section */

/* Begin PBXSourcesBuildPhase section */
		6A4A8368270B8A8800BAB388 /* Sources */ = {
			isa = PBXSourcesBuildPhase;
			buildActionMask = 2147483647;
			files = (
				6AC507E8270BBDD60028744B /* PatientTableViewCell.swift in Sources */,
				6A4A8374270B8A8800BAB388 /* HomeViewController.swift in Sources */,
				6ADC7945270BEB090005F2D3 /* ViewControllerExtension.swift in Sources */,
				6A4A8370270B8A8800BAB388 /* AppDelegate.swift in Sources */,
				6A4A8372270B8A8800BAB388 /* SceneDelegate.swift in Sources */,
				6A4A83CC270B8FD500BAB388 /* AppApi.swift in Sources */,
				6A4A83B9270B8F7800BAB388 /* Constants.swift in Sources */,
			);
			runOnlyForDeploymentPostprocessing = 0;
		};
		6A4A837E270B8A8A00BAB388 /* Sources */ = {
			isa = PBXSourcesBuildPhase;
			buildActionMask = 2147483647;
			files = (
				6A4A8387270B8A8A00BAB388 /* EHealthInnovationTests.swift in Sources */,
			);
			runOnlyForDeploymentPostprocessing = 0;
		};
		6A4A8389270B8A8A00BAB388 /* Sources */ = {
			isa = PBXSourcesBuildPhase;
			buildActionMask = 2147483647;
			files = (
				6A4A8392270B8A8A00BAB388 /* EHealthInnovationUITests.swift in Sources */,
			);
			runOnlyForDeploymentPostprocessing = 0;
		};
/* End PBXSourcesBuildPhase section */

/* Begin PBXTargetDependency section */
		6A4A8384270B8A8A00BAB388 /* PBXTargetDependency */ = {
			isa = PBXTargetDependency;
			target = 6A4A836B270B8A8800BAB388 /* EHealthInnovation */;
			targetProxy = 6A4A8383270B8A8A00BAB388 /* PBXContainerItemProxy */;
		};
		6A4A838F270B8A8A00BAB388 /* PBXTargetDependency */ = {
			isa = PBXTargetDependency;
			target = 6A4A836B270B8A8800BAB388 /* EHealthInnovation */;
			targetProxy = 6A4A838E270B8A8A00BAB388 /* PBXContainerItemProxy */;
		};
/* End PBXTargetDependency section */

/* Begin PBXVariantGroup section */
		6A4A8375270B8A8800BAB388 /* Main.storyboard */ = {
			isa = PBXVariantGroup;
			children = (
				6A4A8376270B8A8800BAB388 /* Base */,
			);
			name = Main.storyboard;
			sourceTree = "<group>";
		};
		6A4A837A270B8A8900BAB388 /* LaunchScreen.storyboard */ = {
			isa = PBXVariantGroup;
			children = (
				6A4A837B270B8A8900BAB388 /* Base */,
			);
			name = LaunchScreen.storyboard;
			sourceTree = "<group>";
		};
/* End PBXVariantGroup section */

/* Begin XCBuildConfiguration section */
		6A4A8394270B8A8A00BAB388 /* Debug */ = {
			isa = XCBuildConfiguration;
			buildSettings = {
				ALWAYS_SEARCH_USER_PATHS = NO;
				CLANG_ANALYZER_NONNULL = YES;
				CLANG_ANALYZER_NUMBER_OBJECT_CONVERSION = YES_AGGRESSIVE;
				CLANG_CXX_LANGUAGE_STANDARD = "gnu++14";
				CLANG_CXX_LIBRARY = "libc++";
				CLANG_ENABLE_MODULES = YES;
				CLANG_ENABLE_OBJC_ARC = YES;
				CLANG_ENABLE_OBJC_WEAK = YES;
				CLANG_WARN_BLOCK_CAPTURE_AUTORELEASING = YES;
				CLANG_WARN_BOOL_CONVERSION = YES;
				CLANG_WARN_COMMA = YES;
				CLANG_WARN_CONSTANT_CONVERSION = YES;
				CLANG_WARN_DEPRECATED_OBJC_IMPLEMENTATIONS = YES;
				CLANG_WARN_DIRECT_OBJC_ISA_USAGE = YES_ERROR;
				CLANG_WARN_DOCUMENTATION_COMMENTS = YES;
				CLANG_WARN_EMPTY_BODY = YES;
				CLANG_WARN_ENUM_CONVERSION = YES;
				CLANG_WARN_INFINITE_RECURSION = YES;
				CLANG_WARN_INT_CONVERSION = YES;
				CLANG_WARN_NON_LITERAL_NULL_CONVERSION = YES;
				CLANG_WARN_OBJC_IMPLICIT_RETAIN_SELF = YES;
				CLANG_WARN_OBJC_LITERAL_CONVERSION = YES;
				CLANG_WARN_OBJC_ROOT_CLASS = YES_ERROR;
				CLANG_WARN_QUOTED_INCLUDE_IN_FRAMEWORK_HEADER = YES;
				CLANG_WARN_RANGE_LOOP_ANALYSIS = YES;
				CLANG_WARN_STRICT_PROTOTYPES = YES;
				CLANG_WARN_SUSPICIOUS_MOVE = YES;
				CLANG_WARN_UNGUARDED_AVAILABILITY = YES_AGGRESSIVE;
				CLANG_WARN_UNREACHABLE_CODE = YES;
				CLANG_WARN__DUPLICATE_METHOD_MATCH = YES;
				COPY_PHASE_STRIP = NO;
				DEBUG_INFORMATION_FORMAT = dwarf;
				ENABLE_STRICT_OBJC_MSGSEND = YES;
				ENABLE_TESTABILITY = YES;
				GCC_C_LANGUAGE_STANDARD = gnu11;
				GCC_DYNAMIC_NO_PIC = NO;
				GCC_NO_COMMON_BLOCKS = YES;
				GCC_OPTIMIZATION_LEVEL = 0;
				GCC_PREPROCESSOR_DEFINITIONS = (
					"DEBUG=1",
					"$(inherited)",
				);
				GCC_WARN_64_TO_32_BIT_CONVERSION = YES;
				GCC_WARN_ABOUT_RETURN_TYPE = YES_ERROR;
				GCC_WARN_UNDECLARED_SELECTOR = YES;
				GCC_WARN_UNINITIALIZED_AUTOS = YES_AGGRESSIVE;
				GCC_WARN_UNUSED_FUNCTION = YES;
				GCC_WARN_UNUSED_VARIABLE = YES;
				IPHONEOS_DEPLOYMENT_TARGET = 14.4;
				MTL_ENABLE_DEBUG_INFO = INCLUDE_SOURCE;
				MTL_FAST_MATH = YES;
				ONLY_ACTIVE_ARCH = YES;
				SDKROOT = iphoneos;
				SWIFT_ACTIVE_COMPILATION_CONDITIONS = DEBUG;
				SWIFT_OPTIMIZATION_LEVEL = "-Onone";
			};
			name = Debug;
		};
		6A4A8395270B8A8A00BAB388 /* Release */ = {
			isa = XCBuildConfiguration;
			buildSettings = {
				ALWAYS_SEARCH_USER_PATHS = NO;
				CLANG_ANALYZER_NONNULL = YES;
				CLANG_ANALYZER_NUMBER_OBJECT_CONVERSION = YES_AGGRESSIVE;
				CLANG_CXX_LANGUAGE_STANDARD = "gnu++14";
				CLANG_CXX_LIBRARY = "libc++";
				CLANG_ENABLE_MODULES = YES;
				CLANG_ENABLE_OBJC_ARC = YES;
				CLANG_ENABLE_OBJC_WEAK = YES;
				CLANG_WARN_BLOCK_CAPTURE_AUTORELEASING = YES;
				CLANG_WARN_BOOL_CONVERSION = YES;
				CLANG_WARN_COMMA = YES;
				CLANG_WARN_CONSTANT_CONVERSION = YES;
				CLANG_WARN_DEPRECATED_OBJC_IMPLEMENTATIONS = YES;
				CLANG_WARN_DIRECT_OBJC_ISA_USAGE = YES_ERROR;
				CLANG_WARN_DOCUMENTATION_COMMENTS = YES;
				CLANG_WARN_EMPTY_BODY = YES;
				CLANG_WARN_ENUM_CONVERSION = YES;
				CLANG_WARN_INFINITE_RECURSION = YES;
				CLANG_WARN_INT_CONVERSION = YES;
				CLANG_WARN_NON_LITERAL_NULL_CONVERSION = YES;
				CLANG_WARN_OBJC_IMPLICIT_RETAIN_SELF = YES;
				CLANG_WARN_OBJC_LITERAL_CONVERSION = YES;
				CLANG_WARN_OBJC_ROOT_CLASS = YES_ERROR;
				CLANG_WARN_QUOTED_INCLUDE_IN_FRAMEWORK_HEADER = YES;
				CLANG_WARN_RANGE_LOOP_ANALYSIS = YES;
				CLANG_WARN_STRICT_PROTOTYPES = YES;
				CLANG_WARN_SUSPICIOUS_MOVE = YES;
				CLANG_WARN_UNGUARDED_AVAILABILITY = YES_AGGRESSIVE;
				CLANG_WARN_UNREACHABLE_CODE = YES;
				CLANG_WARN__DUPLICATE_METHOD_MATCH = YES;
				COPY_PHASE_STRIP = NO;
				DEBUG_INFORMATION_FORMAT = "dwarf-with-dsym";
				ENABLE_NS_ASSERTIONS = NO;
				ENABLE_STRICT_OBJC_MSGSEND = YES;
				GCC_C_LANGUAGE_STANDARD = gnu11;
				GCC_NO_COMMON_BLOCKS = YES;
				GCC_WARN_64_TO_32_BIT_CONVERSION = YES;
				GCC_WARN_ABOUT_RETURN_TYPE = YES_ERROR;
				GCC_WARN_UNDECLARED_SELECTOR = YES;
				GCC_WARN_UNINITIALIZED_AUTOS = YES_AGGRESSIVE;
				GCC_WARN_UNUSED_FUNCTION = YES;
				GCC_WARN_UNUSED_VARIABLE = YES;
				IPHONEOS_DEPLOYMENT_TARGET = 14.4;
				MTL_ENABLE_DEBUG_INFO = NO;
				MTL_FAST_MATH = YES;
				SDKROOT = iphoneos;
				SWIFT_COMPILATION_MODE = wholemodule;
				SWIFT_OPTIMIZATION_LEVEL = "-O";
				VALIDATE_PRODUCT = YES;
			};
			name = Release;
		};
		6A4A8397270B8A8A00BAB388 /* Debug */ = {
			isa = XCBuildConfiguration;
			baseConfigurationReference = 28155ECF3DF5E9B3C8DD85BA /* Pods-EHealthInnovation.debug.xcconfig */;
			buildSettings = {
				ALWAYS_EMBED_SWIFT_STANDARD_LIBRARIES = "$(inherited)";
				ASSETCATALOG_COMPILER_APPICON_NAME = AppIcon;
				ASSETCATALOG_COMPILER_GLOBAL_ACCENT_COLOR_NAME = AccentColor;
				CODE_SIGN_STYLE = Automatic;
				INFOPLIST_FILE = EHealthInnovation/Info.plist;
				LD_RUNPATH_SEARCH_PATHS = (
					"$(inherited)",
					"@executable_path/Frameworks",
				);
				PRODUCT_BUNDLE_IDENTIFIER = james.EHealthInnovation;
				PRODUCT_NAME = "$(TARGET_NAME)";
				SWIFT_VERSION = 5.0;
				TARGETED_DEVICE_FAMILY = "1,2";
			};
			name = Debug;
		};
		6A4A8398270B8A8A00BAB388 /* Release */ = {
			isa = XCBuildConfiguration;
			baseConfigurationReference = 65C063C73B3FF1E85D5B1F2B /* Pods-EHealthInnovation.release.xcconfig */;
			buildSettings = {
				ALWAYS_EMBED_SWIFT_STANDARD_LIBRARIES = "$(inherited)";
				ASSETCATALOG_COMPILER_APPICON_NAME = AppIcon;
				ASSETCATALOG_COMPILER_GLOBAL_ACCENT_COLOR_NAME = AccentColor;
				CODE_SIGN_STYLE = Automatic;
				INFOPLIST_FILE = EHealthInnovation/Info.plist;
				LD_RUNPATH_SEARCH_PATHS = (
					"$(inherited)",
					"@executable_path/Frameworks",
				);
				PRODUCT_BUNDLE_IDENTIFIER = james.EHealthInnovation;
				PRODUCT_NAME = "$(TARGET_NAME)";
				SWIFT_VERSION = 5.0;
				TARGETED_DEVICE_FAMILY = "1,2";
			};
			name = Release;
		};
		6A4A839A270B8A8A00BAB388 /* Debug */ = {
			isa = XCBuildConfiguration;
			baseConfigurationReference = 0D18A19B327CDC99B1E65C0A /* Pods-EHealthInnovationTests.debug.xcconfig */;
			buildSettings = {
				ALWAYS_EMBED_SWIFT_STANDARD_LIBRARIES = YES;
				BUNDLE_LOADER = "$(TEST_HOST)";
				CODE_SIGN_STYLE = Automatic;
				INFOPLIST_FILE = EHealthInnovationTests/Info.plist;
				IPHONEOS_DEPLOYMENT_TARGET = 14.4;
				LD_RUNPATH_SEARCH_PATHS = (
					"$(inherited)",
					"@executable_path/Frameworks",
					"@loader_path/Frameworks",
				);
				PRODUCT_BUNDLE_IDENTIFIER = james.EHealthInnovationTests;
				PRODUCT_NAME = "$(TARGET_NAME)";
				SWIFT_VERSION = 5.0;
				TARGETED_DEVICE_FAMILY = "1,2";
				TEST_HOST = "$(BUILT_PRODUCTS_DIR)/EHealthInnovation.app/EHealthInnovation";
			};
			name = Debug;
		};
		6A4A839B270B8A8A00BAB388 /* Release */ = {
			isa = XCBuildConfiguration;
			baseConfigurationReference = D480B4AC232BC3F41BBB681B /* Pods-EHealthInnovationTests.release.xcconfig */;
			buildSettings = {
				ALWAYS_EMBED_SWIFT_STANDARD_LIBRARIES = YES;
				BUNDLE_LOADER = "$(TEST_HOST)";
				CODE_SIGN_STYLE = Automatic;
				INFOPLIST_FILE = EHealthInnovationTests/Info.plist;
				IPHONEOS_DEPLOYMENT_TARGET = 14.4;
				LD_RUNPATH_SEARCH_PATHS = (
					"$(inherited)",
					"@executable_path/Frameworks",
					"@loader_path/Frameworks",
				);
				PRODUCT_BUNDLE_IDENTIFIER = james.EHealthInnovationTests;
				PRODUCT_NAME = "$(TARGET_NAME)";
				SWIFT_VERSION = 5.0;
				TARGETED_DEVICE_FAMILY = "1,2";
				TEST_HOST = "$(BUILT_PRODUCTS_DIR)/EHealthInnovation.app/EHealthInnovation";
			};
			name = Release;
		};
		6A4A839D270B8A8A00BAB388 /* Debug */ = {
			isa = XCBuildConfiguration;
			buildSettings = {
				ALWAYS_EMBED_SWIFT_STANDARD_LIBRARIES = YES;
				CODE_SIGN_STYLE = Automatic;
				INFOPLIST_FILE = EHealthInnovationUITests/Info.plist;
				LD_RUNPATH_SEARCH_PATHS = (
					"$(inherited)",
					"@executable_path/Frameworks",
					"@loader_path/Frameworks",
				);
				PRODUCT_BUNDLE_IDENTIFIER = james.EHealthInnovationUITests;
				PRODUCT_NAME = "$(TARGET_NAME)";
				SWIFT_VERSION = 5.0;
				TARGETED_DEVICE_FAMILY = "1,2";
				TEST_TARGET_NAME = EHealthInnovation;
			};
			name = Debug;
		};
		6A4A839E270B8A8A00BAB388 /* Release */ = {
			isa = XCBuildConfiguration;
			buildSettings = {
				ALWAYS_EMBED_SWIFT_STANDARD_LIBRARIES = YES;
				CODE_SIGN_STYLE = Automatic;
				INFOPLIST_FILE = EHealthInnovationUITests/Info.plist;
				LD_RUNPATH_SEARCH_PATHS = (
					"$(inherited)",
					"@executable_path/Frameworks",
					"@loader_path/Frameworks",
				);
				PRODUCT_BUNDLE_IDENTIFIER = james.EHealthInnovationUITests;
				PRODUCT_NAME = "$(TARGET_NAME)";
				SWIFT_VERSION = 5.0;
				TARGETED_DEVICE_FAMILY = "1,2";
				TEST_TARGET_NAME = EHealthInnovation;
			};
			name = Release;
		};
/* End XCBuildConfiguration section */

/* Begin XCConfigurationList section */
		6A4A8367270B8A8800BAB388 /* Build configuration list for PBXProject "EHealthInnovation" */ = {
			isa = XCConfigurationList;
			buildConfigurations = (
				6A4A8394270B8A8A00BAB388 /* Debug */,
				6A4A8395270B8A8A00BAB388 /* Release */,
			);
			defaultConfigurationIsVisible = 0;
			defaultConfigurationName = Release;
		};
		6A4A8396270B8A8A00BAB388 /* Build configuration list for PBXNativeTarget "EHealthInnovation" */ = {
			isa = XCConfigurationList;
			buildConfigurations = (
				6A4A8397270B8A8A00BAB388 /* Debug */,
				6A4A8398270B8A8A00BAB388 /* Release */,
			);
			defaultConfigurationIsVisible = 0;
			defaultConfigurationName = Release;
		};
		6A4A8399270B8A8A00BAB388 /* Build configuration list for PBXNativeTarget "EHealthInnovationTests" */ = {
			isa = XCConfigurationList;
			buildConfigurations = (
				6A4A839A270B8A8A00BAB388 /* Debug */,
				6A4A839B270B8A8A00BAB388 /* Release */,
			);
			defaultConfigurationIsVisible = 0;
			defaultConfigurationName = Release;
		};
		6A4A839C270B8A8A00BAB388 /* Build configuration list for PBXNativeTarget "EHealthInnovationUITests" */ = {
			isa = XCConfigurationList;
			buildConfigurations = (
				6A4A839D270B8A8A00BAB388 /* Debug */,
				6A4A839E270B8A8A00BAB388 /* Release */,
			);
			defaultConfigurationIsVisible = 0;
			defaultConfigurationName = Release;
		};
/* End XCConfigurationList section */
	};
	rootObject = 6A4A8364270B8A8800BAB388 /* Project object */;
}
